
Microsoft Visual Studio Solution File, Format Version 12.00
# Visual Studio Version 17
VisualStudioVersion = 17.10.35013.160
MinimumVisualStudioVersion = 10.0.40219.1
Project("{FAE04EC0-301F-11D3-BF4B-00C04F79EFBC}") = "dictionary_ex", "dictionary_ex\dictionary_ex.csproj", "{A6BA472A-D7BA-4D38-BDBB-703746E1E336}"
EndProject
Global
	GlobalSection(SolutionConfigurationPlatforms) = preSolution
		Debug|Any CPU = Debug|Any CPU
		Release|Any CPU = Release|Any CPU
	EndGlobalSection
	GlobalSection(ProjectConfigurationPlatforms) = postSolution
		{A6BA472A-D7BA-4D38-BDBB-703746E1E336}.Debug|Any CPU.ActiveCfg = Debug|Any CPU
		{A6BA472A-D7BA-4D38-BDBB-703746E1E336}.Debug|Any CPU.Build.0 = Debug|Any CPU
		{A6BA472A-D7BA-4D38-BDBB-703746E1E336}.Release|Any CPU.ActiveCfg = Release|Any CPU
		{A6BA472A-D7BA-4D38-BDBB-703746E1E336}.Release|Any CPU.Build.0 = Release|Any CPU
	EndGlobalSection
	GlobalSection(SolutionProperties) = preSolution
		HideSolutionNode = FALSE
	EndGlobalSection
	GlobalSection(ExtensibilityGlobals) = postSolution
		SolutionGuid = {C3D8EF1E-198C-4D7E-9994-28D81156C781}
	EndGlobalSection
EndGlobal
